
Microsoft Visual Studio Solution File, Format Version 12.00
# Visual Studio Version 16
VisualStudioVersion = 16.0.29920.165
MinimumVisualStudioVersion = 10.0.40219.1
Project("{9A19103F-16F7-4668-BE54-9A1E7A4F7556}") = "NovelCovidAPI", "NovelCovidAPI.csproj", "{347A8196-7903-4878-AA81-B98F296561DE}"
EndProject
Global
	GlobalSection(SolutionConfigurationPlatforms) = preSolution
		Debug|Any CPU = Debug|Any CPU
		Release|Any CPU = Release|Any CPU
	EndGlobalSection
	GlobalSection(ProjectConfigurationPlatforms) = postSolution
		{347A8196-7903-4878-AA81-B98F296561DE}.Debug|Any CPU.ActiveCfg = Debug|Any CPU
		{347A8196-7903-4878-AA81-B98F296561DE}.Debug|Any CPU.Build.0 = Debug|Any CPU
		{347A8196-7903-4878-AA81-B98F296561DE}.Release|Any CPU.ActiveCfg = Release|Any CPU
		{347A8196-7903-4878-AA81-B98F296561DE}.Release|Any CPU.Build.0 = Release|Any CPU
	EndGlobalSection
	GlobalSection(SolutionProperties) = preSolution
		HideSolutionNode = FALSE
	EndGlobalSection
	GlobalSection(ExtensibilityGlobals) = postSolution
		SolutionGuid = {A28D494D-653E-4EDE-ABDE-FD7BE41AD218}
	EndGlobalSection
EndGlobal
